
Microsoft Visual Studio Solution File, Format Version 12.00
# Visual Studio Version 17
VisualStudioVersion = 17.1.32210.238
MinimumVisualStudioVersion = 10.0.40219.1
Project("{FAE04EC0-301F-11D3-BF4B-00C04F79EFBC}") = "FontAwesomeTabbed.Android", "FontAwesomeTabbed\FontAwesomeTabbed.Android\FontAwesomeTabbed.Android.csproj", "{4DDD8FA0-3CA4-4A11-8FBC-390E50298DD1}"
EndProject
Project("{FAE04EC0-301F-11D3-BF4B-00C04F79EFBC}") = "FontAwesomeTabbed.iOS", "FontAwesomeTabbed\FontAwesomeTabbed.iOS\FontAwesomeTabbed.iOS.csproj", "{9A0D5027-0E5B-46AE-9418-60A4BA514D87}"
EndProject
Project("{FAE04EC0-301F-11D3-BF4B-00C04F79EFBC}") = "FontAwesomeTabbed", "FontAwesomeTabbed\FontAwesomeTabbed\FontAwesomeTabbed.csproj", "{0FF9C3A1-88EF-4C45-B431-5F95E44792DC}"
EndProject
Global
	GlobalSection(SolutionConfigurationPlatforms) = preSolution
		Debug|Any CPU = Debug|Any CPU
		Debug|iPhone = Debug|iPhone
		Debug|iPhoneSimulator = Debug|iPhoneSimulator
		Release|Any CPU = Release|Any CPU
		Release|iPhone = Release|iPhone
		Release|iPhoneSimulator = Release|iPhoneSimulator
	EndGlobalSection
	GlobalSection(ProjectConfigurationPlatforms) = postSolution
		{4DDD8FA0-3CA4-4A11-8FBC-390E50298DD1}.Debug|Any CPU.ActiveCfg = Debug|Any CPU
		{4DDD8FA0-3CA4-4A11-8FBC-390E50298DD1}.Debug|Any CPU.Build.0 = Debug|Any CPU
		{4DDD8FA0-3CA4-4A11-8FBC-390E50298DD1}.Debug|Any CPU.Deploy.0 = Debug|Any CPU
		{4DDD8FA0-3CA4-4A11-8FBC-390E50298DD1}.Debug|iPhone.ActiveCfg = Debug|Any CPU
		{4DDD8FA0-3CA4-4A11-8FBC-390E50298DD1}.Debug|iPhone.Build.0 = Debug|Any CPU
		{4DDD8FA0-3CA4-4A11-8FBC-390E50298DD1}.Debug|iPhone.Deploy.0 = Debug|Any CPU
		{4DDD8FA0-3CA4-4A11-8FBC-390E50298DD1}.Debug|iPhoneSimulator.ActiveCfg = Debug|Any CPU
		{4DDD8FA0-3CA4-4A11-8FBC-390E50298DD1}.Debug|iPhoneSimulator.Build.0 = Debug|Any CPU
		{4DDD8FA0-3CA4-4A11-8FBC-390E50298DD1}.Debug|iPhoneSimulator.Deploy.0 = Debug|Any CPU
		{4DDD8FA0-3CA4-4A11-8FBC-390E50298DD1}.Release|Any CPU.ActiveCfg = Release|Any CPU
		{4DDD8FA0-3CA4-4A11-8FBC-390E50298DD1}.Release|Any CPU.Build.0 = Release|Any CPU
		{4DDD8FA0-3CA4-4A11-8FBC-390E50298DD1}.Release|Any CPU.Deploy.0 = Release|Any CPU
		{4DDD8FA0-3CA4-4A11-8FBC-390E50298DD1}.Release|iPhone.ActiveCfg = Release|Any CPU
		{4DDD8FA0-3CA4-4A11-8FBC-390E50298DD1}.Release|iPhone.Build.0 = Release|Any CPU
		{4DDD8FA0-3CA4-4A11-8FBC-390E50298DD1}.Release|iPhone.Deploy.0 = Release|Any CPU
		{4DDD8FA0-3CA4-4A11-8FBC-390E50298DD1}.Release|iPhoneSimulator.ActiveCfg = Release|Any CPU
		{4DDD8FA0-3CA4-4A11-8FBC-390E50298DD1}.Release|iPhoneSimulator.Build.0 = Release|Any CPU
		{4DDD8FA0-3CA4-4A11-8FBC-390E50298DD1}.Release|iPhoneSimulator.Deploy.0 = Release|Any CPU
		{9A0D5027-0E5B-46AE-9418-60A4BA514D87}.Debug|Any CPU.ActiveCfg = Debug|iPhone
		{9A0D5027-0E5B-46AE-9418-60A4BA514D87}.Debug|Any CPU.Build.0 = Debug|iPhone
		{9A0D5027-0E5B-46AE-9418-60A4BA514D87}.Debug|Any CPU.Deploy.0 = Debug|iPhone
		{9A0D5027-0E5B-46AE-9418-60A4BA514D87}.Debug|iPhone.ActiveCfg = Debug|iPhone
		{9A0D5027-0E5B-46AE-9418-60A4BA514D87}.Debug|iPhone.Build.0 = Debug|iPhone
		{9A0D5027-0E5B-46AE-9418-60A4BA514D87}.Debug|iPhone.Deploy.0 = Debug|iPhone
		{9A0D5027-0E5B-46AE-9418-60A4BA514D87}.Debug|iPhoneSimulator.ActiveCfg = Debug|iPhoneSimulator
		{9A0D5027-0E5B-46AE-9418-60A4BA514D87}.Debug|iPhoneSimulator.Build.0 = Debug|iPhoneSimulator
		{9A0D5027-0E5B-46AE-9418-60A4BA514D87}.Debug|iPhoneSimulator.Deploy.0 = Debug|iPhoneSimulator
		{9A0D5027-0E5B-46AE-9418-60A4BA514D87}.Release|Any CPU.ActiveCfg = Release|iPhoneSimulator
		{9A0D5027-0E5B-46AE-9418-60A4BA514D87}.Release|Any CPU.Build.0 = Release|iPhoneSimulator
		{9A0D5027-0E5B-46AE-9418-60A4BA514D87}.Release|Any CPU.Deploy.0 = Release|iPhoneSimulator
		{9A0D5027-0E5B-46AE-9418-60A4BA514D87}.Release|iPhone.ActiveCfg = Release|iPhone
		{9A0D5027-0E5B-46AE-9418-60A4BA514D87}.Release|iPhone.Build.0 = Release|iPhone
		{9A0D5027-0E5B-46AE-9418-60A4BA514D87}.Release|iPhone.Deploy.0 = Release|iPhone
		{9A0D5027-0E5B-46AE-9418-60A4BA514D87}.Release|iPhoneSimulator.ActiveCfg = Release|iPhoneSimulator
		{9A0D5027-0E5B-46AE-9418-60A4BA514D87}.Release|iPhoneSimulator.Build.0 = Release|iPhoneSimulator
		{9A0D5027-0E5B-46AE-9418-60A4BA514D87}.Release|iPhoneSimulator.Deploy.0 = Release|iPhoneSimulator
		{0FF9C3A1-88EF-4C45-B431-5F95E44792DC}.Debug|Any CPU.ActiveCfg = Debug|Any CPU
		{0FF9C3A1-88EF-4C45-B431-5F95E44792DC}.Debug|Any CPU.Build.0 = Debug|Any CPU
		{0FF9C3A1-88EF-4C45-B431-5F95E44792DC}.Debug|Any CPU.Deploy.0 = Debug|Any CPU
		{0FF9C3A1-88EF-4C45-B431-5F95E44792DC}.Debug|iPhone.ActiveCfg = Debug|Any CPU
		{0FF9C3A1-88EF-4C45-B431-5F95E44792DC}.Debug|iPhone.Build.0 = Debug|Any CPU
		{0FF9C3A1-88EF-4C45-B431-5F95E44792DC}.Debug|iPhone.Deploy.0 = Debug|Any CPU
		{0FF9C3A1-88EF-4C45-B431-5F95E44792DC}.Debug|iPhoneSimulator.ActiveCfg = Debug|Any CPU
		{0FF9C3A1-88EF-4C45-B431-5F95E44792DC}.Debug|iPhoneSimulator.Build.0 = Debug|Any CPU
		{0FF9C3A1-88EF-4C45-B431-5F95E44792DC}.Debug|iPhoneSimulator.Deploy.0 = Debug|Any CPU
		{0FF9C3A1-88EF-4C45-B431-5F95E44792DC}.Release|Any CPU.ActiveCfg = Release|Any CPU
		{0FF9C3A1-88EF-4C45-B431-5F95E44792DC}.Release|Any CPU.Build.0 = Release|Any CPU
		{0FF9C3A1-88EF-4C45-B431-5F95E44792DC}.Release|Any CPU.Deploy.0 = Release|Any CPU
		{0FF9C3A1-88EF-4C45-B431-5F95E44792DC}.Release|iPhone.ActiveCfg = Release|Any CPU
		{0FF9C3A1-88EF-4C45-B431-5F95E44792DC}.Release|iPhone.Build.0 = Release|Any CPU
		{0FF9C3A1-88EF-4C45-B431-5F95E44792DC}.Release|iPhone.Deploy.0 = Release|Any CPU
		{0FF9C3A1-88EF-4C45-B431-5F95E44792DC}.Release|iPhoneSimulator.ActiveCfg = Release|Any CPU
		{0FF9C3A1-88EF-4C45-B431-5F95E44792DC}.Release|iPhoneSimulator.Build.0 = Release|Any CPU
		{0FF9C3A1-88EF-4C45-B431-5F95E44792DC}.Release|iPhoneSimulator.Deploy.0 = Release|Any CPU
	EndGlobalSection
	GlobalSection(SolutionProperties) = preSolution
		HideSolutionNode = FALSE
	EndGlobalSection
	GlobalSection(ExtensibilityGlobals) = postSolution
		SolutionGuid = {1252A1A8-C801-41B8-80A0-434C44573965}
	EndGlobalSection
EndGlobal
